
Microsoft Visual Studio Solution File, Format Version 12.00
# Visual Studio Version 16
VisualStudioVersion = 16.0.32126.315
MinimumVisualStudioVersion = 10.0.40219.1
Project("{FAE04EC0-301F-11D3-BF4B-00C04F79EFBC}") = "Exigotech1", "Exigotech1.csproj", "{4B727F37-82BC-4AB2-8861-CAAD5D736848}"
EndProject
Global
	GlobalSection(SolutionConfigurationPlatforms) = preSolution
		Debug|Any CPU = Debug|Any CPU
		Release|Any CPU = Release|Any CPU
	EndGlobalSection
	GlobalSection(ProjectConfigurationPlatforms) = postSolution
		{4B727F37-82BC-4AB2-8861-CAAD5D736848}.Debug|Any CPU.ActiveCfg = Debug|Any CPU
		{4B727F37-82BC-4AB2-8861-CAAD5D736848}.Debug|Any CPU.Build.0 = Debug|Any CPU
		{4B727F37-82BC-4AB2-8861-CAAD5D736848}.Release|Any CPU.ActiveCfg = Release|Any CPU
		{4B727F37-82BC-4AB2-8861-CAAD5D736848}.Release|Any CPU.Build.0 = Release|Any CPU
	EndGlobalSection
	GlobalSection(SolutionProperties) = preSolution
		HideSolutionNode = FALSE
	EndGlobalSection
	GlobalSection(ExtensibilityGlobals) = postSolution
		SolutionGuid = {6F684CEB-6122-43D8-936F-8130091CAA1E}
	EndGlobalSection
EndGlobal
